// !$*UTF8*$!
{
	archiveVersion = 1;
	classes = {
	};
	objectVersion = 56;
	objects = {

/* Begin PBXBuildFile section */
		744999E72B4E2C4300E643B9 /* UserLinks.swift in Sources */ = {isa = PBXBuildFile; fileRef = 744999E62B4E2C4300E643B9 /* UserLinks.swift */; };
		744999E92B4E2C6E00E643B9 /* ProfileImage.swift in Sources */ = {isa = PBXBuildFile; fileRef = 744999E82B4E2C6E00E643B9 /* ProfileImage.swift */; };
		744999EB2B4E2C9A00E643B9 /* Social.swift in Sources */ = {isa = PBXBuildFile; fileRef = 744999EA2B4E2C9A00E643B9 /* Social.swift */; };
		744999ED2B4E2CDA00E643B9 /* Sponsor.swift in Sources */ = {isa = PBXBuildFile; fileRef = 744999EC2B4E2CDA00E643B9 /* Sponsor.swift */; };
		744999EF2B4E2D2200E643B9 /* Sponsorship.swift in Sources */ = {isa = PBXBuildFile; fileRef = 744999EE2B4E2D2200E643B9 /* Sponsorship.swift */; };
		744999F12B4E2E7400E643B9 /* Urls.swift in Sources */ = {isa = PBXBuildFile; fileRef = 744999F02B4E2E7400E643B9 /* Urls.swift */; };
		744999F32B4E2EBF00E643B9 /* User.swift in Sources */ = {isa = PBXBuildFile; fileRef = 744999F22B4E2EBF00E643B9 /* User.swift */; };
		744999F52B4E2EE100E643B9 /* TopicSubmission.swift in Sources */ = {isa = PBXBuildFile; fileRef = 744999F42B4E2EE100E643B9 /* TopicSubmission.swift */; };
		744999FA2B4EEA0E00E643B9 /* PhotosParams.swift in Sources */ = {isa = PBXBuildFile; fileRef = 744999F92B4EEA0E00E643B9 /* PhotosParams.swift */; };
		744999FD2B4EEB8100E643B9 /* Encodable+JSON.swift in Sources */ = {isa = PBXBuildFile; fileRef = 744999FC2B4EEB8100E643B9 /* Encodable+JSON.swift */; };
		74499A022B4F44F700E643B9 /* CollectionView.swift in Sources */ = {isa = PBXBuildFile; fileRef = 74499A012B4F44F700E643B9 /* CollectionView.swift */; };
		74499A062B4F5D9200E643B9 /* CoreCollectionView.swift in Sources */ = {isa = PBXBuildFile; fileRef = 74499A052B4F5D9200E643B9 /* CoreCollectionView.swift */; };
		74499A462B50481500E643B9 /* CollectionViewCustomLayout.swift in Sources */ = {isa = PBXBuildFile; fileRef = 74499A452B50481500E643B9 /* CollectionViewCustomLayout.swift */; };
		74499A4A2B504DA700E643B9 /* NukeUI in Frameworks */ = {isa = PBXBuildFile; productRef = 74499A492B504DA700E643B9 /* NukeUI */; };
		74499A4C2B504DC500E643B9 /* GalleryCell.swift in Sources */ = {isa = PBXBuildFile; fileRef = 74499A4B2B504DC500E643B9 /* GalleryCell.swift */; };
		74499A4E2B504E0100E643B9 /* GalleryCellViewModel.swift in Sources */ = {isa = PBXBuildFile; fileRef = 74499A4D2B504E0100E643B9 /* GalleryCellViewModel.swift */; };
		74499A502B50552200E643B9 /* DeviceRotationViewModifier.swift in Sources */ = {isa = PBXBuildFile; fileRef = 74499A4F2B50552200E643B9 /* DeviceRotationViewModifier.swift */; };
		74499A522B5055AF00E643B9 /* UICollectionView+Hosting.swift in Sources */ = {isa = PBXBuildFile; fileRef = 74499A512B5055AF00E643B9 /* UICollectionView+Hosting.swift */; };
		74499A692B50657900E643B9 /* Set+Cancellable.swift in Sources */ = {isa = PBXBuildFile; fileRef = 74499A682B50657900E643B9 /* Set+Cancellable.swift */; };
		74B684F72B4CB6770023B8A1 /* MobileCodingChallengeApp.swift in Sources */ = {isa = PBXBuildFile; fileRef = 74B684F62B4CB6770023B8A1 /* MobileCodingChallengeApp.swift */; };
		74B684F92B4CB6770023B8A1 /* ContentView.swift in Sources */ = {isa = PBXBuildFile; fileRef = 74B684F82B4CB6770023B8A1 /* ContentView.swift */; };
		74B684FB2B4CB6780023B8A1 /* Assets.xcassets in Resources */ = {isa = PBXBuildFile; fileRef = 74B684FA2B4CB6780023B8A1 /* Assets.xcassets */; };
		74B684FE2B4CB6780023B8A1 /* Preview Assets.xcassets in Resources */ = {isa = PBXBuildFile; fileRef = 74B684FD2B4CB6780023B8A1 /* Preview Assets.xcassets */; };
		74B685082B4CB6780023B8A1 /* MobileCodingChallengeTests.swift in Sources */ = {isa = PBXBuildFile; fileRef = 74B685072B4CB6780023B8A1 /* MobileCodingChallengeTests.swift */; };
		74B685122B4CB6780023B8A1 /* MobileCodingChallengeUITests.swift in Sources */ = {isa = PBXBuildFile; fileRef = 74B685112B4CB6780023B8A1 /* MobileCodingChallengeUITests.swift */; };
		74B685142B4CB6780023B8A1 /* MobileCodingChallengeUITestsLaunchTests.swift in Sources */ = {isa = PBXBuildFile; fileRef = 74B685132B4CB6780023B8A1 /* MobileCodingChallengeUITestsLaunchTests.swift */; };
		74B685242B4CBE6F0023B8A1 /* PhotoGalleryView.swift in Sources */ = {isa = PBXBuildFile; fileRef = 74B685232B4CBE6F0023B8A1 /* PhotoGalleryView.swift */; };
		74B685352B4CF0650023B8A1 /* PhotoGalleryViewModel.swift in Sources */ = {isa = PBXBuildFile; fileRef = 74B685342B4CF0640023B8A1 /* PhotoGalleryViewModel.swift */; };
		74B685372B4CF1250023B8A1 /* PhotoGalleryCoordinator.swift in Sources */ = {isa = PBXBuildFile; fileRef = 74B685362B4CF1250023B8A1 /* PhotoGalleryCoordinator.swift */; };
		74B6853A2B4CF1E20023B8A1 /* Coordinator.swift in Sources */ = {isa = PBXBuildFile; fileRef = 74B685392B4CF1E20023B8A1 /* Coordinator.swift */; };
		74B6853C2B4CF2700023B8A1 /* Route.swift in Sources */ = {isa = PBXBuildFile; fileRef = 74B6853B2B4CF2700023B8A1 /* Route.swift */; };
		74B685402B4DA2B90023B8A1 /* APIService.swift in Sources */ = {isa = PBXBuildFile; fileRef = 74B6853F2B4DA2B90023B8A1 /* APIService.swift */; };
		74B685432B4DA3A90023B8A1 /* Alamofire in Frameworks */ = {isa = PBXBuildFile; productRef = 74B685422B4DA3A90023B8A1 /* Alamofire */; };
		74B685452B4DA4AA0023B8A1 /* APIRouter.swift in Sources */ = {isa = PBXBuildFile; fileRef = 74B685442B4DA4AA0023B8A1 /* APIRouter.swift */; };
		74B685482B4DA59D0023B8A1 /* ErrorPublisher.swift in Sources */ = {isa = PBXBuildFile; fileRef = 74B685472B4DA59D0023B8A1 /* ErrorPublisher.swift */; };
		74B6854A2B4DA63F0023B8A1 /* Constant.swift in Sources */ = {isa = PBXBuildFile; fileRef = 74B685492B4DA63F0023B8A1 /* Constant.swift */; };
		74B6854E2B4DCE260023B8A1 /* APIClient.swift in Sources */ = {isa = PBXBuildFile; fileRef = 74B6854D2B4DCE260023B8A1 /* APIClient.swift */; };
		74B685502B4DD2F60023B8A1 /* APIError.swift in Sources */ = {isa = PBXBuildFile; fileRef = 74B6854F2B4DD2F60023B8A1 /* APIError.swift */; };
		74B6855A2B4DF6D50023B8A1 /* PhotosService.swift in Sources */ = {isa = PBXBuildFile; fileRef = 74B685592B4DF6D50023B8A1 /* PhotosService.swift */; };
		74B6855E2B4DF80C0023B8A1 /* PhotoResponse.swift in Sources */ = {isa = PBXBuildFile; fileRef = 74B6855D2B4DF80C0023B8A1 /* PhotoResponse.swift */; };
		74B685602B4DF8F60023B8A1 /* PhotosRoutes.swift in Sources */ = {isa = PBXBuildFile; fileRef = 74B6855F2B4DF8F60023B8A1 /* PhotosRoutes.swift */; };
		74B685622B4DFA360023B8A1 /* PhotosRouter.swift in Sources */ = {isa = PBXBuildFile; fileRef = 74B685612B4DFA360023B8A1 /* PhotosRouter.swift */; };
/* End PBXBuildFile section */

/* Begin PBXContainerItemProxy section */
		74B685042B4CB6780023B8A1 /* PBXContainerItemProxy */ = {
			isa = PBXContainerItemProxy;
			containerPortal = 74B684EB2B4CB6770023B8A1 /* Project object */;
			proxyType = 1;
			remoteGlobalIDString = 74B684F22B4CB6770023B8A1;
			remoteInfo = MobileCodingChallenge;
		};
		74B6850E2B4CB6780023B8A1 /* PBXContainerItemProxy */ = {
			isa = PBXContainerItemProxy;
			containerPortal = 74B684EB2B4CB6770023B8A1 /* Project object */;
			proxyType = 1;
			remoteGlobalIDString = 74B684F22B4CB6770023B8A1;
			remoteInfo = MobileCodingChallenge;
		};
/* End PBXContainerItemProxy section */

/* Begin PBXFileReference section */
		744999E62B4E2C4300E643B9 /* UserLinks.swift */ = {isa = PBXFileReference; lastKnownFileType = sourcecode.swift; path = UserLinks.swift; sourceTree = "<group>"; };
		744999E82B4E2C6E00E643B9 /* ProfileImage.swift */ = {isa = PBXFileReference; lastKnownFileType = sourcecode.swift; path = ProfileImage.swift; sourceTree = "<group>"; };
		744999EA2B4E2C9A00E643B9 /* Social.swift */ = {isa = PBXFileReference; lastKnownFileType = sourcecode.swift; path = Social.swift; sourceTree = "<group>"; };
		744999EC2B4E2CDA00E643B9 /* Sponsor.swift */ = {isa = PBXFileReference; lastKnownFileType = sourcecode.swift; path = Sponsor.swift; sourceTree = "<group>"; };
		744999EE2B4E2D2200E643B9 /* Sponsorship.swift */ = {isa = PBXFileReference; lastKnownFileType = sourcecode.swift; path = Sponsorship.swift; sourceTree = "<group>"; };
		744999F02B4E2E7400E643B9 /* Urls.swift */ = {isa = PBXFileReference; lastKnownFileType = sourcecode.swift; path = Urls.swift; sourceTree = "<group>"; };
		744999F22B4E2EBF00E643B9 /* User.swift */ = {isa = PBXFileReference; lastKnownFileType = sourcecode.swift; path = User.swift; sourceTree = "<group>"; };
		744999F42B4E2EE100E643B9 /* TopicSubmission.swift */ = {isa = PBXFileReference; lastKnownFileType = sourcecode.swift; path = TopicSubmission.swift; sourceTree = "<group>"; };
		744999F92B4EEA0E00E643B9 /* PhotosParams.swift */ = {isa = PBXFileReference; lastKnownFileType = sourcecode.swift; path = PhotosParams.swift; sourceTree = "<group>"; };
		744999FC2B4EEB8100E643B9 /* Encodable+JSON.swift */ = {isa = PBXFileReference; lastKnownFileType = sourcecode.swift; path = "Encodable+JSON.swift"; sourceTree = "<group>"; };
		74499A012B4F44F700E643B9 /* CollectionView.swift */ = {isa = PBXFileReference; lastKnownFileType = sourcecode.swift; path = CollectionView.swift; sourceTree = "<group>"; };
		74499A052B4F5D9200E643B9 /* CoreCollectionView.swift */ = {isa = PBXFileReference; lastKnownFileType = sourcecode.swift; path = CoreCollectionView.swift; sourceTree = "<group>"; };
		74499A452B50481500E643B9 /* CollectionViewCustomLayout.swift */ = {isa = PBXFileReference; lastKnownFileType = sourcecode.swift; path = CollectionViewCustomLayout.swift; sourceTree = "<group>"; };
		74499A4B2B504DC500E643B9 /* GalleryCell.swift */ = {isa = PBXFileReference; lastKnownFileType = sourcecode.swift; path = GalleryCell.swift; sourceTree = "<group>"; };
		74499A4D2B504E0100E643B9 /* GalleryCellViewModel.swift */ = {isa = PBXFileReference; lastKnownFileType = sourcecode.swift; path = GalleryCellViewModel.swift; sourceTree = "<group>"; };
		74499A4F2B50552200E643B9 /* DeviceRotationViewModifier.swift */ = {isa = PBXFileReference; lastKnownFileType = sourcecode.swift; path = DeviceRotationViewModifier.swift; sourceTree = "<group>"; };
		74499A512B5055AF00E643B9 /* UICollectionView+Hosting.swift */ = {isa = PBXFileReference; lastKnownFileType = sourcecode.swift; path = "UICollectionView+Hosting.swift"; sourceTree = "<group>"; };
		74499A682B50657900E643B9 /* Set+Cancellable.swift */ = {isa = PBXFileReference; lastKnownFileType = sourcecode.swift; path = "Set+Cancellable.swift"; sourceTree = "<group>"; };
		74B684F32B4CB6770023B8A1 /* MobileCodingChallenge.app */ = {isa = PBXFileReference; explicitFileType = wrapper.application; includeInIndex = 0; path = MobileCodingChallenge.app; sourceTree = BUILT_PRODUCTS_DIR; };
		74B684F62B4CB6770023B8A1 /* MobileCodingChallengeApp.swift */ = {isa = PBXFileReference; lastKnownFileType = sourcecode.swift; path = MobileCodingChallengeApp.swift; sourceTree = "<group>"; };
		74B684F82B4CB6770023B8A1 /* ContentView.swift */ = {isa = PBXFileReference; lastKnownFileType = sourcecode.swift; path = ContentView.swift; sourceTree = "<group>"; };
		74B684FA2B4CB6780023B8A1 /* Assets.xcassets */ = {isa = PBXFileReference; lastKnownFileType = folder.assetcatalog; path = Assets.xcassets; sourceTree = "<group>"; };
		74B684FD2B4CB6780023B8A1 /* Preview Assets.xcassets */ = {isa = PBXFileReference; lastKnownFileType = folder.assetcatalog; path = "Preview Assets.xcassets"; sourceTree = "<group>"; };
		74B685032B4CB6780023B8A1 /* MobileCodingChallengeTests.xctest */ = {isa = PBXFileReference; explicitFileType = wrapper.cfbundle; includeInIndex = 0; path = MobileCodingChallengeTests.xctest; sourceTree = BUILT_PRODUCTS_DIR; };
		74B685072B4CB6780023B8A1 /* MobileCodingChallengeTests.swift */ = {isa = PBXFileReference; lastKnownFileType = sourcecode.swift; path = MobileCodingChallengeTests.swift; sourceTree = "<group>"; };
		74B6850D2B4CB6780023B8A1 /* MobileCodingChallengeUITests.xctest */ = {isa = PBXFileReference; explicitFileType = wrapper.cfbundle; includeInIndex = 0; path = MobileCodingChallengeUITests.xctest; sourceTree = BUILT_PRODUCTS_DIR; };
		74B685112B4CB6780023B8A1 /* MobileCodingChallengeUITests.swift */ = {isa = PBXFileReference; lastKnownFileType = sourcecode.swift; path = MobileCodingChallengeUITests.swift; sourceTree = "<group>"; };
		74B685132B4CB6780023B8A1 /* MobileCodingChallengeUITestsLaunchTests.swift */ = {isa = PBXFileReference; lastKnownFileType = sourcecode.swift; path = MobileCodingChallengeUITestsLaunchTests.swift; sourceTree = "<group>"; };
		74B685232B4CBE6F0023B8A1 /* PhotoGalleryView.swift */ = {isa = PBXFileReference; lastKnownFileType = sourcecode.swift; path = PhotoGalleryView.swift; sourceTree = "<group>"; };
		74B685342B4CF0640023B8A1 /* PhotoGalleryViewModel.swift */ = {isa = PBXFileReference; lastKnownFileType = sourcecode.swift; path = PhotoGalleryViewModel.swift; sourceTree = "<group>"; };
		74B685362B4CF1250023B8A1 /* PhotoGalleryCoordinator.swift */ = {isa = PBXFileReference; lastKnownFileType = sourcecode.swift; path = PhotoGalleryCoordinator.swift; sourceTree = "<group>"; };
		74B685392B4CF1E20023B8A1 /* Coordinator.swift */ = {isa = PBXFileReference; lastKnownFileType = sourcecode.swift; path = Coordinator.swift; sourceTree = "<group>"; };
		74B6853B2B4CF2700023B8A1 /* Route.swift */ = {isa = PBXFileReference; lastKnownFileType = sourcecode.swift; path = Route.swift; sourceTree = "<group>"; };
		74B6853F2B4DA2B90023B8A1 /* APIService.swift */ = {isa = PBXFileReference; lastKnownFileType = sourcecode.swift; path = APIService.swift; sourceTree = "<group>"; };
		74B685442B4DA4AA0023B8A1 /* APIRouter.swift */ = {isa = PBXFileReference; lastKnownFileType = sourcecode.swift; path = APIRouter.swift; sourceTree = "<group>"; };
		74B685472B4DA59D0023B8A1 /* ErrorPublisher.swift */ = {isa = PBXFileReference; lastKnownFileType = sourcecode.swift; path = ErrorPublisher.swift; sourceTree = "<group>"; };
		74B685492B4DA63F0023B8A1 /* Constant.swift */ = {isa = PBXFileReference; lastKnownFileType = sourcecode.swift; path = Constant.swift; sourceTree = "<group>"; };
		74B6854D2B4DCE260023B8A1 /* APIClient.swift */ = {isa = PBXFileReference; lastKnownFileType = sourcecode.swift; path = APIClient.swift; sourceTree = "<group>"; };
		74B6854F2B4DD2F60023B8A1 /* APIError.swift */ = {isa = PBXFileReference; lastKnownFileType = sourcecode.swift; path = APIError.swift; sourceTree = "<group>"; };
		74B685592B4DF6D50023B8A1 /* PhotosService.swift */ = {isa = PBXFileReference; lastKnownFileType = sourcecode.swift; path = PhotosService.swift; sourceTree = "<group>"; };
		74B6855D2B4DF80C0023B8A1 /* PhotoResponse.swift */ = {isa = PBXFileReference; lastKnownFileType = sourcecode.swift; path = PhotoResponse.swift; sourceTree = "<group>"; };
		74B6855F2B4DF8F60023B8A1 /* PhotosRoutes.swift */ = {isa = PBXFileReference; lastKnownFileType = sourcecode.swift; path = PhotosRoutes.swift; sourceTree = "<group>"; };
		74B685612B4DFA360023B8A1 /* PhotosRouter.swift */ = {isa = PBXFileReference; lastKnownFileType = sourcecode.swift; path = PhotosRouter.swift; sourceTree = "<group>"; };
/* End PBXFileReference section */

/* Begin PBXFrameworksBuildPhase section */
		74B684F02B4CB6770023B8A1 /* Frameworks */ = {
			isa = PBXFrameworksBuildPhase;
			buildActionMask = 2147483647;
			files = (
				74B685432B4DA3A90023B8A1 /* Alamofire in Frameworks */,
				74499A4A2B504DA700E643B9 /* NukeUI in Frameworks */,
			);
			runOnlyForDeploymentPostprocessing = 0;
		};
		74B685002B4CB6780023B8A1 /* Frameworks */ = {
			isa = PBXFrameworksBuildPhase;
			buildActionMask = 2147483647;
			files = (
			);
			runOnlyForDeploymentPostprocessing = 0;
		};
		74B6850A2B4CB6780023B8A1 /* Frameworks */ = {
			isa = PBXFrameworksBuildPhase;
			buildActionMask = 2147483647;
			files = (
			);
			runOnlyForDeploymentPostprocessing = 0;
		};
/* End PBXFrameworksBuildPhase section */

/* Begin PBXGroup section */
		744999F82B4EE9ED00E643B9 /* Params */ = {
			isa = PBXGroup;
			children = (
				744999F92B4EEA0E00E643B9 /* PhotosParams.swift */,
			);
			path = Params;
			sourceTree = "<group>";
		};
		74499A002B4F42CA00E643B9 /* CollectionView */ = {
			isa = PBXGroup;
			children = (
				74499A012B4F44F700E643B9 /* CollectionView.swift */,
				74499A052B4F5D9200E643B9 /* CoreCollectionView.swift */,
				74499A452B50481500E643B9 /* CollectionViewCustomLayout.swift */,
				74499A472B504D5500E643B9 /* Cell */,
			);
			path = CollectionView;
			sourceTree = "<group>";
		};
		74499A3F2B4FB34300E643B9 /* Photo Gallery */ = {
			isa = PBXGroup;
			children = (
				74B685232B4CBE6F0023B8A1 /* PhotoGalleryView.swift */,
				74B685342B4CF0640023B8A1 /* PhotoGalleryViewModel.swift */,
				74B685362B4CF1250023B8A1 /* PhotoGalleryCoordinator.swift */,
			);
			path = "Photo Gallery";
			sourceTree = "<group>";
		};
		74499A472B504D5500E643B9 /* Cell */ = {
			isa = PBXGroup;
			children = (
				74499A4B2B504DC500E643B9 /* GalleryCell.swift */,
				74499A4D2B504E0100E643B9 /* GalleryCellViewModel.swift */,
			);
			path = Cell;
			sourceTree = "<group>";
		};
		74B684EA2B4CB6770023B8A1 = {
			isa = PBXGroup;
			children = (
				74B684F52B4CB6770023B8A1 /* MobileCodingChallenge */,
				74B685062B4CB6780023B8A1 /* MobileCodingChallengeTests */,
				74B685102B4CB6780023B8A1 /* MobileCodingChallengeUITests */,
				74B684F42B4CB6770023B8A1 /* Products */,
			);
			sourceTree = "<group>";
		};
		74B684F42B4CB6770023B8A1 /* Products */ = {
			isa = PBXGroup;
			children = (
				74B684F32B4CB6770023B8A1 /* MobileCodingChallenge.app */,
				74B685032B4CB6780023B8A1 /* MobileCodingChallengeTests.xctest */,
				74B6850D2B4CB6780023B8A1 /* MobileCodingChallengeUITests.xctest */,
			);
			name = Products;
			sourceTree = "<group>";
		};
		74B684F52B4CB6770023B8A1 /* MobileCodingChallenge */ = {
			isa = PBXGroup;
			children = (
				74B685202B4CB99E0023B8A1 /* App */,
				74499A002B4F42CA00E643B9 /* CollectionView */,
				74B685382B4CF1760023B8A1 /* Navigation */,
				74B685462B4DA5760023B8A1 /* Common */,
				74B6853D2B4CF5470023B8A1 /* Network */,
				74B685212B4CB9BC0023B8A1 /* Scenes */,
				74B685222B4CB9D70023B8A1 /* Resources */,
				74B684FC2B4CB6780023B8A1 /* Preview Content */,
			);
			path = MobileCodingChallenge;
			sourceTree = "<group>";
		};
		74B684FC2B4CB6780023B8A1 /* Preview Content */ = {
			isa = PBXGroup;
			children = (
				74B684FD2B4CB6780023B8A1 /* Preview Assets.xcassets */,
			);
			path = "Preview Content";
			sourceTree = "<group>";
		};
		74B685062B4CB6780023B8A1 /* MobileCodingChallengeTests */ = {
			isa = PBXGroup;
			children = (
				74B685072B4CB6780023B8A1 /* MobileCodingChallengeTests.swift */,
			);
			path = MobileCodingChallengeTests;
			sourceTree = "<group>";
		};
		74B685102B4CB6780023B8A1 /* MobileCodingChallengeUITests */ = {
			isa = PBXGroup;
			children = (
				74B685112B4CB6780023B8A1 /* MobileCodingChallengeUITests.swift */,
				74B685132B4CB6780023B8A1 /* MobileCodingChallengeUITestsLaunchTests.swift */,
			);
			path = MobileCodingChallengeUITests;
			sourceTree = "<group>";
		};
		74B685202B4CB99E0023B8A1 /* App */ = {
			isa = PBXGroup;
			children = (
				74B684F82B4CB6770023B8A1 /* ContentView.swift */,
				74B684F62B4CB6770023B8A1 /* MobileCodingChallengeApp.swift */,
			);
			path = App;
			sourceTree = "<group>";
		};
		74B685212B4CB9BC0023B8A1 /* Scenes */ = {
			isa = PBXGroup;
			children = (
				74499A3F2B4FB34300E643B9 /* Photo Gallery */,
			);
			path = Scenes;
			sourceTree = "<group>";
		};
		74B685222B4CB9D70023B8A1 /* Resources */ = {
			isa = PBXGroup;
			children = (
				74B684FA2B4CB6780023B8A1 /* Assets.xcassets */,
			);
			path = Resources;
			sourceTree = "<group>";
		};
		74B685382B4CF1760023B8A1 /* Navigation */ = {
			isa = PBXGroup;
			children = (
				74B685392B4CF1E20023B8A1 /* Coordinator.swift */,
				74B6853B2B4CF2700023B8A1 /* Route.swift */,
			);
			path = Navigation;
			sourceTree = "<group>";
		};
		74B6853D2B4CF5470023B8A1 /* Network */ = {
			isa = PBXGroup;
			children = (
				74B6853E2B4DA27D0023B8A1 /* REST */,
				74B685582B4DF3890023B8A1 /* Request */,
			);
			path = Network;
			sourceTree = "<group>";
		};
		74B6853E2B4DA27D0023B8A1 /* REST */ = {
			isa = PBXGroup;
			children = (
				74B6853F2B4DA2B90023B8A1 /* APIService.swift */,
				74B685442B4DA4AA0023B8A1 /* APIRouter.swift */,
				74B6854D2B4DCE260023B8A1 /* APIClient.swift */,
				74B6854F2B4DD2F60023B8A1 /* APIError.swift */,
			);
			path = REST;
			sourceTree = "<group>";
		};
		74B685462B4DA5760023B8A1 /* Common */ = {
			isa = PBXGroup;
			children = (
				744999FC2B4EEB8100E643B9 /* Encodable+JSON.swift */,
				74B685472B4DA59D0023B8A1 /* ErrorPublisher.swift */,
				74B685492B4DA63F0023B8A1 /* Constant.swift */,
				74499A4F2B50552200E643B9 /* DeviceRotationViewModifier.swift */,
				74499A512B5055AF00E643B9 /* UICollectionView+Hosting.swift */,
				74499A682B50657900E643B9 /* Set+Cancellable.swift */,
			);
			path = Common;
			sourceTree = "<group>";
		};
		74B685582B4DF3890023B8A1 /* Request */ = {
			isa = PBXGroup;
			children = (
				74B6855B2B4DF7AC0023B8A1 /* Photos */,
			);
			path = Request;
			sourceTree = "<group>";
		};
		74B6855B2B4DF7AC0023B8A1 /* Photos */ = {
			isa = PBXGroup;
			children = (
				74B685592B4DF6D50023B8A1 /* PhotosService.swift */,
				74B6855F2B4DF8F60023B8A1 /* PhotosRoutes.swift */,
				74B685612B4DFA360023B8A1 /* PhotosRouter.swift */,
				744999F82B4EE9ED00E643B9 /* Params */,
				74B6855C2B4DF7C70023B8A1 /* Models */,
			);
			path = Photos;
			sourceTree = "<group>";
		};
		74B6855C2B4DF7C70023B8A1 /* Models */ = {
			isa = PBXGroup;
			children = (
				74B6855D2B4DF80C0023B8A1 /* PhotoResponse.swift */,
				744999E62B4E2C4300E643B9 /* UserLinks.swift */,
				744999E82B4E2C6E00E643B9 /* ProfileImage.swift */,
				744999EA2B4E2C9A00E643B9 /* Social.swift */,
				744999EC2B4E2CDA00E643B9 /* Sponsor.swift */,
				744999EE2B4E2D2200E643B9 /* Sponsorship.swift */,
				744999F02B4E2E7400E643B9 /* Urls.swift */,
				744999F22B4E2EBF00E643B9 /* User.swift */,
				744999F42B4E2EE100E643B9 /* TopicSubmission.swift */,
			);
			path = Models;
			sourceTree = "<group>";
		};
/* End PBXGroup section */

/* Begin PBXNativeTarget section */
		74B684F22B4CB6770023B8A1 /* MobileCodingChallenge */ = {
			isa = PBXNativeTarget;
			buildConfigurationList = 74B685172B4CB6780023B8A1 /* Build configuration list for PBXNativeTarget "MobileCodingChallenge" */;
			buildPhases = (
				74B684EF2B4CB6770023B8A1 /* Sources */,
				74B684F02B4CB6770023B8A1 /* Frameworks */,
				74B684F12B4CB6770023B8A1 /* Resources */,
			);
			buildRules = (
			);
			dependencies = (
			);
			name = MobileCodingChallenge;
			packageProductDependencies = (
				74B685422B4DA3A90023B8A1 /* Alamofire */,
				74499A492B504DA700E643B9 /* NukeUI */,
			);
			productName = MobileCodingChallenge;
			productReference = 74B684F32B4CB6770023B8A1 /* MobileCodingChallenge.app */;
			productType = "com.apple.product-type.application";
		};
		74B685022B4CB6780023B8A1 /* MobileCodingChallengeTests */ = {
			isa = PBXNativeTarget;
			buildConfigurationList = 74B6851A2B4CB6780023B8A1 /* Build configuration list for PBXNativeTarget "MobileCodingChallengeTests" */;
			buildPhases = (
				74B684FF2B4CB6780023B8A1 /* Sources */,
				74B685002B4CB6780023B8A1 /* Frameworks */,
				74B685012B4CB6780023B8A1 /* Resources */,
			);
			buildRules = (
			);
			dependencies = (
				74B685052B4CB6780023B8A1 /* PBXTargetDependency */,
			);
			name = MobileCodingChallengeTests;
			productName = MobileCodingChallengeTests;
			productReference = 74B685032B4CB6780023B8A1 /* MobileCodingChallengeTests.xctest */;
			productType = "com.apple.product-type.bundle.unit-test";
		};
		74B6850C2B4CB6780023B8A1 /* MobileCodingChallengeUITests */ = {
			isa = PBXNativeTarget;
			buildConfigurationList = 74B6851D2B4CB6780023B8A1 /* Build configuration list for PBXNativeTarget "MobileCodingChallengeUITests" */;
			buildPhases = (
				74B685092B4CB6780023B8A1 /* Sources */,
				74B6850A2B4CB6780023B8A1 /* Frameworks */,
				74B6850B2B4CB6780023B8A1 /* Resources */,
			);
			buildRules = (
			);
			dependencies = (
				74B6850F2B4CB6780023B8A1 /* PBXTargetDependency */,
			);
			name = MobileCodingChallengeUITests;
			productName = MobileCodingChallengeUITests;
			productReference = 74B6850D2B4CB6780023B8A1 /* MobileCodingChallengeUITests.xctest */;
			productType = "com.apple.product-type.bundle.ui-testing";
		};
/* End PBXNativeTarget section */

/* Begin PBXProject section */
		74B684EB2B4CB6770023B8A1 /* Project object */ = {
			isa = PBXProject;
			attributes = {
				BuildIndependentTargetsInParallel = 1;
				LastSwiftUpdateCheck = 1430;
				LastUpgradeCheck = 1430;
				TargetAttributes = {
					74B684F22B4CB6770023B8A1 = {
						CreatedOnToolsVersion = 14.3;
					};
					74B685022B4CB6780023B8A1 = {
						CreatedOnToolsVersion = 14.3;
						TestTargetID = 74B684F22B4CB6770023B8A1;
					};
					74B6850C2B4CB6780023B8A1 = {
						CreatedOnToolsVersion = 14.3;
						TestTargetID = 74B684F22B4CB6770023B8A1;
					};
				};
			};
			buildConfigurationList = 74B684EE2B4CB6770023B8A1 /* Build configuration list for PBXProject "MobileCodingChallenge" */;
			compatibilityVersion = "Xcode 14.0";
			developmentRegion = en;
			hasScannedForEncodings = 0;
			knownRegions = (
				en,
				Base,
			);
			mainGroup = 74B684EA2B4CB6770023B8A1;
			packageReferences = (
				74B685412B4DA3A90023B8A1 /* XCRemoteSwiftPackageReference "Alamofire" */,
				74499A482B504DA700E643B9 /* XCRemoteSwiftPackageReference "Nuke" */,
			);
			productRefGroup = 74B684F42B4CB6770023B8A1 /* Products */;
			projectDirPath = "";
			projectRoot = "";
			targets = (
				74B684F22B4CB6770023B8A1 /* MobileCodingChallenge */,
				74B685022B4CB6780023B8A1 /* MobileCodingChallengeTests */,
				74B6850C2B4CB6780023B8A1 /* MobileCodingChallengeUITests */,
			);
		};
/* End PBXProject section */

/* Begin PBXResourcesBuildPhase section */
		74B684F12B4CB6770023B8A1 /* Resources */ = {
			isa = PBXResourcesBuildPhase;
			buildActionMask = 2147483647;
			files = (
				74B684FE2B4CB6780023B8A1 /* Preview Assets.xcassets in Resources */,
				74B684FB2B4CB6780023B8A1 /* Assets.xcassets in Resources */,
			);
			runOnlyForDeploymentPostprocessing = 0;
		};
		74B685012B4CB6780023B8A1 /* Resources */ = {
			isa = PBXResourcesBuildPhase;
			buildActionMask = 2147483647;
			files = (
			);
			runOnlyForDeploymentPostprocessing = 0;
		};
		74B6850B2B4CB6780023B8A1 /* Resources */ = {
			isa = PBXResourcesBuildPhase;
			buildActionMask = 2147483647;
			files = (
			);
			runOnlyForDeploymentPostprocessing = 0;
		};
/* End PBXResourcesBuildPhase section */

/* Begin PBXSourcesBuildPhase section */
		74B684EF2B4CB6770023B8A1 /* Sources */ = {
			isa = PBXSourcesBuildPhase;
			buildActionMask = 2147483647;
			files = (
				744999FA2B4EEA0E00E643B9 /* PhotosParams.swift in Sources */,
				74B685352B4CF0650023B8A1 /* PhotoGalleryViewModel.swift in Sources */,
				74499A022B4F44F700E643B9 /* CollectionView.swift in Sources */,
				744999F12B4E2E7400E643B9 /* Urls.swift in Sources */,
				74B685622B4DFA360023B8A1 /* PhotosRouter.swift in Sources */,
				744999E72B4E2C4300E643B9 /* UserLinks.swift in Sources */,
				74B685452B4DA4AA0023B8A1 /* APIRouter.swift in Sources */,
				74B685372B4CF1250023B8A1 /* PhotoGalleryCoordinator.swift in Sources */,
				74499A462B50481500E643B9 /* CollectionViewCustomLayout.swift in Sources */,
				74B6855E2B4DF80C0023B8A1 /* PhotoResponse.swift in Sources */,
				74B6853A2B4CF1E20023B8A1 /* Coordinator.swift in Sources */,
				74B6855A2B4DF6D50023B8A1 /* PhotosService.swift in Sources */,
				74B685242B4CBE6F0023B8A1 /* PhotoGalleryView.swift in Sources */,
				74499A502B50552200E643B9 /* DeviceRotationViewModifier.swift in Sources */,
				744999ED2B4E2CDA00E643B9 /* Sponsor.swift in Sources */,
				744999F52B4E2EE100E643B9 /* TopicSubmission.swift in Sources */,
				74B684F92B4CB6770023B8A1 /* ContentView.swift in Sources */,
				74499A062B4F5D9200E643B9 /* CoreCollectionView.swift in Sources */,
				74499A4E2B504E0100E643B9 /* GalleryCellViewModel.swift in Sources */,
				744999EB2B4E2C9A00E643B9 /* Social.swift in Sources */,
				74499A692B50657900E643B9 /* Set+Cancellable.swift in Sources */,
				74B6853C2B4CF2700023B8A1 /* Route.swift in Sources */,
				744999E92B4E2C6E00E643B9 /* ProfileImage.swift in Sources */,
				74B685482B4DA59D0023B8A1 /* ErrorPublisher.swift in Sources */,
				74B6854A2B4DA63F0023B8A1 /* Constant.swift in Sources */,
				74B685402B4DA2B90023B8A1 /* APIService.swift in Sources */,
				74B685602B4DF8F60023B8A1 /* PhotosRoutes.swift in Sources */,
				74499A4C2B504DC500E643B9 /* GalleryCell.swift in Sources */,
				74499A522B5055AF00E643B9 /* UICollectionView+Hosting.swift in Sources */,
				744999EF2B4E2D2200E643B9 /* Sponsorship.swift in Sources */,
				744999F32B4E2EBF00E643B9 /* User.swift in Sources */,
				74B684F72B4CB6770023B8A1 /* MobileCodingChallengeApp.swift in Sources */,
				74B6854E2B4DCE260023B8A1 /* APIClient.swift in Sources */,
				74B685502B4DD2F60023B8A1 /* APIError.swift in Sources */,
				744999FD2B4EEB8100E643B9 /* Encodable+JSON.swift in Sources */,
			);
			runOnlyForDeploymentPostprocessing = 0;
		};
		74B684FF2B4CB6780023B8A1 /* Sources */ = {
			isa = PBXSourcesBuildPhase;
			buildActionMask = 2147483647;
			files = (
				74B685082B4CB6780023B8A1 /* MobileCodingChallengeTests.swift in Sources */,
			);
			runOnlyForDeploymentPostprocessing = 0;
		};
		74B685092B4CB6780023B8A1 /* Sources */ = {
			isa = PBXSourcesBuildPhase;
			buildActionMask = 2147483647;
			files = (
				74B685142B4CB6780023B8A1 /* MobileCodingChallengeUITestsLaunchTests.swift in Sources */,
				74B685122B4CB6780023B8A1 /* MobileCodingChallengeUITests.swift in Sources */,
			);
			runOnlyForDeploymentPostprocessing = 0;
		};
/* End PBXSourcesBuildPhase section */

/* Begin PBXTargetDependency section */
		74B685052B4CB6780023B8A1 /* PBXTargetDependency */ = {
			isa = PBXTargetDependency;
			target = 74B684F22B4CB6770023B8A1 /* MobileCodingChallenge */;
			targetProxy = 74B685042B4CB6780023B8A1 /* PBXContainerItemProxy */;
		};
		74B6850F2B4CB6780023B8A1 /* PBXTargetDependency */ = {
			isa = PBXTargetDependency;
			target = 74B684F22B4CB6770023B8A1 /* MobileCodingChallenge */;
			targetProxy = 74B6850E2B4CB6780023B8A1 /* PBXContainerItemProxy */;
		};
/* End PBXTargetDependency section */

/* Begin XCBuildConfiguration section */
		74B685152B4CB6780023B8A1 /* Debug */ = {
			isa = XCBuildConfiguration;
			buildSettings = {
				ALWAYS_SEARCH_USER_PATHS = NO;
				CLANG_ANALYZER_NONNULL = YES;
				CLANG_ANALYZER_NUMBER_OBJECT_CONVERSION = YES_AGGRESSIVE;
				CLANG_CXX_LANGUAGE_STANDARD = "gnu++20";
				CLANG_ENABLE_MODULES = YES;
				CLANG_ENABLE_OBJC_ARC = YES;
				CLANG_ENABLE_OBJC_WEAK = YES;
				CLANG_WARN_BLOCK_CAPTURE_AUTORELEASING = YES;
				CLANG_WARN_BOOL_CONVERSION = YES;
				CLANG_WARN_COMMA = YES;
				CLANG_WARN_CONSTANT_CONVERSION = YES;
				CLANG_WARN_DEPRECATED_OBJC_IMPLEMENTATIONS = YES;
				CLANG_WARN_DIRECT_OBJC_ISA_USAGE = YES_ERROR;
				CLANG_WARN_DOCUMENTATION_COMMENTS = YES;
				CLANG_WARN_EMPTY_BODY = YES;
				CLANG_WARN_ENUM_CONVERSION = YES;
				CLANG_WARN_INFINITE_RECURSION = YES;
				CLANG_WARN_INT_CONVERSION = YES;
				CLANG_WARN_NON_LITERAL_NULL_CONVERSION = YES;
				CLANG_WARN_OBJC_IMPLICIT_RETAIN_SELF = YES;
				CLANG_WARN_OBJC_LITERAL_CONVERSION = YES;
				CLANG_WARN_OBJC_ROOT_CLASS = YES_ERROR;
				CLANG_WARN_QUOTED_INCLUDE_IN_FRAMEWORK_HEADER = YES;
				CLANG_WARN_RANGE_LOOP_ANALYSIS = YES;
				CLANG_WARN_STRICT_PROTOTYPES = YES;
				CLANG_WARN_SUSPICIOUS_MOVE = YES;
				CLANG_WARN_UNGUARDED_AVAILABILITY = YES_AGGRESSIVE;
				CLANG_WARN_UNREACHABLE_CODE = YES;
				CLANG_WARN__DUPLICATE_METHOD_MATCH = YES;
				COPY_PHASE_STRIP = NO;
				DEBUG_INFORMATION_FORMAT = dwarf;
				ENABLE_STRICT_OBJC_MSGSEND = YES;
				ENABLE_TESTABILITY = YES;
				GCC_C_LANGUAGE_STANDARD = gnu11;
				GCC_DYNAMIC_NO_PIC = NO;
				GCC_NO_COMMON_BLOCKS = YES;
				GCC_OPTIMIZATION_LEVEL = 0;
				GCC_PREPROCESSOR_DEFINITIONS = (
					"DEBUG=1",
					"$(inherited)",
				);
				GCC_WARN_64_TO_32_BIT_CONVERSION = YES;
				GCC_WARN_ABOUT_RETURN_TYPE = YES_ERROR;
				GCC_WARN_UNDECLARED_SELECTOR = YES;
				GCC_WARN_UNINITIALIZED_AUTOS = YES_AGGRESSIVE;
				GCC_WARN_UNUSED_FUNCTION = YES;
				GCC_WARN_UNUSED_VARIABLE = YES;
				IPHONEOS_DEPLOYMENT_TARGET = 16.4;
				MTL_ENABLE_DEBUG_INFO = INCLUDE_SOURCE;
				MTL_FAST_MATH = YES;
				ONLY_ACTIVE_ARCH = YES;
				SDKROOT = iphoneos;
				SWIFT_ACTIVE_COMPILATION_CONDITIONS = DEBUG;
				SWIFT_OPTIMIZATION_LEVEL = "-Onone";
			};
			name = Debug;
		};
		74B685162B4CB6780023B8A1 /* Release */ = {
			isa = XCBuildConfiguration;
			buildSettings = {
				ALWAYS_SEARCH_USER_PATHS = NO;
				CLANG_ANALYZER_NONNULL = YES;
				CLANG_ANALYZER_NUMBER_OBJECT_CONVERSION = YES_AGGRESSIVE;
				CLANG_CXX_LANGUAGE_STANDARD = "gnu++20";
				CLANG_ENABLE_MODULES = YES;
				CLANG_ENABLE_OBJC_ARC = YES;
				CLANG_ENABLE_OBJC_WEAK = YES;
				CLANG_WARN_BLOCK_CAPTURE_AUTORELEASING = YES;
				CLANG_WARN_BOOL_CONVERSION = YES;
				CLANG_WARN_COMMA = YES;
				CLANG_WARN_CONSTANT_CONVERSION = YES;
				CLANG_WARN_DEPRECATED_OBJC_IMPLEMENTATIONS = YES;
				CLANG_WARN_DIRECT_OBJC_ISA_USAGE = YES_ERROR;
				CLANG_WARN_DOCUMENTATION_COMMENTS = YES;
				CLANG_WARN_EMPTY_BODY = YES;
				CLANG_WARN_ENUM_CONVERSION = YES;
				CLANG_WARN_INFINITE_RECURSION = YES;
				CLANG_WARN_INT_CONVERSION = YES;
				CLANG_WARN_NON_LITERAL_NULL_CONVERSION = YES;
				CLANG_WARN_OBJC_IMPLICIT_RETAIN_SELF = YES;
				CLANG_WARN_OBJC_LITERAL_CONVERSION = YES;
				CLANG_WARN_OBJC_ROOT_CLASS = YES_ERROR;
				CLANG_WARN_QUOTED_INCLUDE_IN_FRAMEWORK_HEADER = YES;
				CLANG_WARN_RANGE_LOOP_ANALYSIS = YES;
				CLANG_WARN_STRICT_PROTOTYPES = YES;
				CLANG_WARN_SUSPICIOUS_MOVE = YES;
				CLANG_WARN_UNGUARDED_AVAILABILITY = YES_AGGRESSIVE;
				CLANG_WARN_UNREACHABLE_CODE = YES;
				CLANG_WARN__DUPLICATE_METHOD_MATCH = YES;
				COPY_PHASE_STRIP = NO;
				DEBUG_INFORMATION_FORMAT = "dwarf-with-dsym";
				ENABLE_NS_ASSERTIONS = NO;
				ENABLE_STRICT_OBJC_MSGSEND = YES;
				GCC_C_LANGUAGE_STANDARD = gnu11;
				GCC_NO_COMMON_BLOCKS = YES;
				GCC_WARN_64_TO_32_BIT_CONVERSION = YES;
				GCC_WARN_ABOUT_RETURN_TYPE = YES_ERROR;
				GCC_WARN_UNDECLARED_SELECTOR = YES;
				GCC_WARN_UNINITIALIZED_AUTOS = YES_AGGRESSIVE;
				GCC_WARN_UNUSED_FUNCTION = YES;
				GCC_WARN_UNUSED_VARIABLE = YES;
				IPHONEOS_DEPLOYMENT_TARGET = 16.4;
				MTL_ENABLE_DEBUG_INFO = NO;
				MTL_FAST_MATH = YES;
				SDKROOT = iphoneos;
				SWIFT_COMPILATION_MODE = wholemodule;
				SWIFT_OPTIMIZATION_LEVEL = "-O";
				VALIDATE_PRODUCT = YES;
			};
			name = Release;
		};
		74B685182B4CB6780023B8A1 /* Debug */ = {
			isa = XCBuildConfiguration;
			buildSettings = {
				ASSETCATALOG_COMPILER_APPICON_NAME = AppIcon;
				ASSETCATALOG_COMPILER_GLOBAL_ACCENT_COLOR_NAME = AccentColor;
				CODE_SIGN_STYLE = Automatic;
				CURRENT_PROJECT_VERSION = 1;
				DEVELOPMENT_ASSET_PATHS = "\"MobileCodingChallenge/Preview Content\"";
				DEVELOPMENT_TEAM = AM46UL83SQ;
				ENABLE_PREVIEWS = YES;
				GENERATE_INFOPLIST_FILE = YES;
				INFOPLIST_KEY_UIApplicationSceneManifest_Generation = YES;
				INFOPLIST_KEY_UIApplicationSupportsIndirectInputEvents = YES;
				INFOPLIST_KEY_UILaunchScreen_Generation = YES;
				INFOPLIST_KEY_UISupportedInterfaceOrientations_iPad = "UIInterfaceOrientationPortrait UIInterfaceOrientationPortraitUpsideDown UIInterfaceOrientationLandscapeLeft UIInterfaceOrientationLandscapeRight";
				INFOPLIST_KEY_UISupportedInterfaceOrientations_iPhone = "UIInterfaceOrientationPortrait UIInterfaceOrientationLandscapeLeft UIInterfaceOrientationLandscapeRight";
				LD_RUNPATH_SEARCH_PATHS = (
					"$(inherited)",
					"@executable_path/Frameworks",
				);
				MARKETING_VERSION = 1.0;
				PRODUCT_BUNDLE_IDENTIFIER = Batuhan.MobileCodingChallenge;
				PRODUCT_NAME = "$(TARGET_NAME)";
				SWIFT_EMIT_LOC_STRINGS = YES;
				SWIFT_VERSION = 5.0;
				TARGETED_DEVICE_FAMILY = "1,2";
			};
			name = Debug;
		};
		74B685192B4CB6780023B8A1 /* Release */ = {
			isa = XCBuildConfiguration;
			buildSettings = {
				ASSETCATALOG_COMPILER_APPICON_NAME = AppIcon;
				ASSETCATALOG_COMPILER_GLOBAL_ACCENT_COLOR_NAME = AccentColor;
				CODE_SIGN_STYLE = Automatic;
				CURRENT_PROJECT_VERSION = 1;
				DEVELOPMENT_ASSET_PATHS = "\"MobileCodingChallenge/Preview Content\"";
				DEVELOPMENT_TEAM = AM46UL83SQ;
				ENABLE_PREVIEWS = YES;
				GENERATE_INFOPLIST_FILE = YES;
				INFOPLIST_KEY_UIApplicationSceneManifest_Generation = YES;
				INFOPLIST_KEY_UIApplicationSupportsIndirectInputEvents = YES;
				INFOPLIST_KEY_UILaunchScreen_Generation = YES;
				INFOPLIST_KEY_UISupportedInterfaceOrientations_iPad = "UIInterfaceOrientationPortrait UIInterfaceOrientationPortraitUpsideDown UIInterfaceOrientationLandscapeLeft UIInterfaceOrientationLandscapeRight";
				INFOPLIST_KEY_UISupportedInterfaceOrientations_iPhone = "UIInterfaceOrientationPortrait UIInterfaceOrientationLandscapeLeft UIInterfaceOrientationLandscapeRight";
				LD_RUNPATH_SEARCH_PATHS = (
					"$(inherited)",
					"@executable_path/Frameworks",
				);
				MARKETING_VERSION = 1.0;
				PRODUCT_BUNDLE_IDENTIFIER = Batuhan.MobileCodingChallenge;
				PRODUCT_NAME = "$(TARGET_NAME)";
				SWIFT_EMIT_LOC_STRINGS = YES;
				SWIFT_VERSION = 5.0;
				TARGETED_DEVICE_FAMILY = "1,2";
			};
			name = Release;
		};
		74B6851B2B4CB6780023B8A1 /* Debug */ = {
			isa = XCBuildConfiguration;
			buildSettings = {
				ALWAYS_EMBED_SWIFT_STANDARD_LIBRARIES = YES;
				BUNDLE_LOADER = "$(TEST_HOST)";
				CODE_SIGN_STYLE = Automatic;
				CURRENT_PROJECT_VERSION = 1;
				DEVELOPMENT_TEAM = AM46UL83SQ;
				GENERATE_INFOPLIST_FILE = YES;
				IPHONEOS_DEPLOYMENT_TARGET = 16.4;
				MARKETING_VERSION = 1.0;
				PRODUCT_BUNDLE_IDENTIFIER = Batuhan.MobileCodingChallengeTests;
				PRODUCT_NAME = "$(TARGET_NAME)";
				SWIFT_EMIT_LOC_STRINGS = NO;
				SWIFT_VERSION = 5.0;
				TARGETED_DEVICE_FAMILY = "1,2";
				TEST_HOST = "$(BUILT_PRODUCTS_DIR)/MobileCodingChallenge.app/$(BUNDLE_EXECUTABLE_FOLDER_PATH)/MobileCodingChallenge";
			};
			name = Debug;
		};
		74B6851C2B4CB6780023B8A1 /* Release */ = {
			isa = XCBuildConfiguration;
			buildSettings = {
				ALWAYS_EMBED_SWIFT_STANDARD_LIBRARIES = YES;
				BUNDLE_LOADER = "$(TEST_HOST)";
				CODE_SIGN_STYLE = Automatic;
				CURRENT_PROJECT_VERSION = 1;
				DEVELOPMENT_TEAM = AM46UL83SQ;
				GENERATE_INFOPLIST_FILE = YES;
				IPHONEOS_DEPLOYMENT_TARGET = 16.4;
				MARKETING_VERSION = 1.0;
				PRODUCT_BUNDLE_IDENTIFIER = Batuhan.MobileCodingChallengeTests;
				PRODUCT_NAME = "$(TARGET_NAME)";
				SWIFT_EMIT_LOC_STRINGS = NO;
				SWIFT_VERSION = 5.0;
				TARGETED_DEVICE_FAMILY = "1,2";
				TEST_HOST = "$(BUILT_PRODUCTS_DIR)/MobileCodingChallenge.app/$(BUNDLE_EXECUTABLE_FOLDER_PATH)/MobileCodingChallenge";
			};
			name = Release;
		};
		74B6851E2B4CB6780023B8A1 /* Debug */ = {
			isa = XCBuildConfiguration;
			buildSettings = {
				ALWAYS_EMBED_SWIFT_STANDARD_LIBRARIES = YES;
				CODE_SIGN_STYLE = Automatic;
				CURRENT_PROJECT_VERSION = 1;
				DEVELOPMENT_TEAM = AM46UL83SQ;
				GENERATE_INFOPLIST_FILE = YES;
				MARKETING_VERSION = 1.0;
				PRODUCT_BUNDLE_IDENTIFIER = Batuhan.MobileCodingChallengeUITests;
				PRODUCT_NAME = "$(TARGET_NAME)";
				SWIFT_EMIT_LOC_STRINGS = NO;
				SWIFT_VERSION = 5.0;
				TARGETED_DEVICE_FAMILY = "1,2";
				TEST_TARGET_NAME = MobileCodingChallenge;
			};
			name = Debug;
		};
		74B6851F2B4CB6780023B8A1 /* Release */ = {
			isa = XCBuildConfiguration;
			buildSettings = {
				ALWAYS_EMBED_SWIFT_STANDARD_LIBRARIES = YES;
				CODE_SIGN_STYLE = Automatic;
				CURRENT_PROJECT_VERSION = 1;
				DEVELOPMENT_TEAM = AM46UL83SQ;
				GENERATE_INFOPLIST_FILE = YES;
				MARKETING_VERSION = 1.0;
				PRODUCT_BUNDLE_IDENTIFIER = Batuhan.MobileCodingChallengeUITests;
				PRODUCT_NAME = "$(TARGET_NAME)";
				SWIFT_EMIT_LOC_STRINGS = NO;
				SWIFT_VERSION = 5.0;
				TARGETED_DEVICE_FAMILY = "1,2";
				TEST_TARGET_NAME = MobileCodingChallenge;
			};
			name = Release;
		};
/* End XCBuildConfiguration section */

/* Begin XCConfigurationList section */
		74B684EE2B4CB6770023B8A1 /* Build configuration list for PBXProject "MobileCodingChallenge" */ = {
			isa = XCConfigurationList;
			buildConfigurations = (
				74B685152B4CB6780023B8A1 /* Debug */,
				74B685162B4CB6780023B8A1 /* Release */,
			);
			defaultConfigurationIsVisible = 0;
			defaultConfigurationName = Release;
		};
		74B685172B4CB6780023B8A1 /* Build configuration list for PBXNativeTarget "MobileCodingChallenge" */ = {
			isa = XCConfigurationList;
			buildConfigurations = (
				74B685182B4CB6780023B8A1 /* Debug */,
				74B685192B4CB6780023B8A1 /* Release */,
			);
			defaultConfigurationIsVisible = 0;
			defaultConfigurationName = Release;
		};
		74B6851A2B4CB6780023B8A1 /* Build configuration list for PBXNativeTarget "MobileCodingChallengeTests" */ = {
			isa = XCConfigurationList;
			buildConfigurations = (
				74B6851B2B4CB6780023B8A1 /* Debug */,
				74B6851C2B4CB6780023B8A1 /* Release */,
			);
			defaultConfigurationIsVisible = 0;
			defaultConfigurationName = Release;
		};
		74B6851D2B4CB6780023B8A1 /* Build configuration list for PBXNativeTarget "MobileCodingChallengeUITests" */ = {
			isa = XCConfigurationList;
			buildConfigurations = (
				74B6851E2B4CB6780023B8A1 /* Debug */,
				74B6851F2B4CB6780023B8A1 /* Release */,
			);
			defaultConfigurationIsVisible = 0;
			defaultConfigurationName = Release;
		};
/* End XCConfigurationList section */

/* Begin XCRemoteSwiftPackageReference section */
		74499A482B504DA700E643B9 /* XCRemoteSwiftPackageReference "Nuke" */ = {
			isa = XCRemoteSwiftPackageReference;
			repositoryURL = "https://github.com/kean/Nuke.git";
			requirement = {
				kind = upToNextMajorVersion;
				minimumVersion = 12.0.0;
			};
		};
		74B685412B4DA3A90023B8A1 /* XCRemoteSwiftPackageReference "Alamofire" */ = {
			isa = XCRemoteSwiftPackageReference;
			repositoryURL = "https://github.com/Alamofire/Alamofire.git";
			requirement = {
				kind = upToNextMajorVersion;
				minimumVersion = 5.0.0;
			};
		};
/* End XCRemoteSwiftPackageReference section */

/* Begin XCSwiftPackageProductDependency section */
		74499A492B504DA700E643B9 /* NukeUI */ = {
			isa = XCSwiftPackageProductDependency;
			package = 74499A482B504DA700E643B9 /* XCRemoteSwiftPackageReference "Nuke" */;
			productName = NukeUI;
		};
		74B685422B4DA3A90023B8A1 /* Alamofire */ = {
			isa = XCSwiftPackageProductDependency;
			package = 74B685412B4DA3A90023B8A1 /* XCRemoteSwiftPackageReference "Alamofire" */;
			productName = Alamofire;
		};
/* End XCSwiftPackageProductDependency section */
	};
	rootObject = 74B684EB2B4CB6770023B8A1 /* Project object */;
}
